
Microsoft Visual Studio Solution File, Format Version 12.00
# Visual Studio Version 16
VisualStudioVersion = 16.0.30128.74
MinimumVisualStudioVersion = 10.0.40219.1
Project("{FAE04EC0-301F-11D3-BF4B-00C04F79EFBC}") = "HelloWorld", "HelloWorld.csproj", "{2485C9E7-D033-4D8B-BDBA-3EF915F29F9A}"
EndProject
Global
	GlobalSection(SolutionConfigurationPlatforms) = preSolution
		Debug|Any CPU = Debug|Any CPU
		Release|Any CPU = Release|Any CPU
	EndGlobalSection
	GlobalSection(ProjectConfigurationPlatforms) = postSolution
		{2485C9E7-D033-4D8B-BDBA-3EF915F29F9A}.Debug|Any CPU.ActiveCfg = Debug|Any CPU
		{2485C9E7-D033-4D8B-BDBA-3EF915F29F9A}.Debug|Any CPU.Build.0 = Debug|Any CPU
		{2485C9E7-D033-4D8B-BDBA-3EF915F29F9A}.Release|Any CPU.ActiveCfg = Release|Any CPU
		{2485C9E7-D033-4D8B-BDBA-3EF915F29F9A}.Release|Any CPU.Build.0 = Release|Any CPU
	EndGlobalSection
	GlobalSection(SolutionProperties) = preSolution
		HideSolutionNode = FALSE
	EndGlobalSection
	GlobalSection(ExtensibilityGlobals) = postSolution
		SolutionGuid = {204F05A1-E13F-48A9-A1A1-6D5ED7CBF735}
	EndGlobalSection
EndGlobal
