
Microsoft Visual Studio Solution File, Format Version 12.00
# Visual Studio Version 16
VisualStudioVersion = 16.0.30128.74
MinimumVisualStudioVersion = 10.0.40219.1
Project("{FAE04EC0-301F-11D3-BF4B-00C04F79EFBC}") = "UserDefinedInterface", "UserDefinedInterface.csproj", "{01BB8897-A559-4289-9011-4DB78113BEDF}"
EndProject
Global
	GlobalSection(SolutionConfigurationPlatforms) = preSolution
		Debug|Any CPU = Debug|Any CPU
		Release|Any CPU = Release|Any CPU
	EndGlobalSection
	GlobalSection(ProjectConfigurationPlatforms) = postSolution
		{01BB8897-A559-4289-9011-4DB78113BEDF}.Debug|Any CPU.ActiveCfg = Debug|Any CPU
		{01BB8897-A559-4289-9011-4DB78113BEDF}.Debug|Any CPU.Build.0 = Debug|Any CPU
		{01BB8897-A559-4289-9011-4DB78113BEDF}.Release|Any CPU.ActiveCfg = Release|Any CPU
		{01BB8897-A559-4289-9011-4DB78113BEDF}.Release|Any CPU.Build.0 = Release|Any CPU
	EndGlobalSection
	GlobalSection(SolutionProperties) = preSolution
		HideSolutionNode = FALSE
	EndGlobalSection
	GlobalSection(ExtensibilityGlobals) = postSolution
		SolutionGuid = {1321B655-7700-455D-A468-8DD1286ABF6D}
	EndGlobalSection
EndGlobal
