
Microsoft Visual Studio Solution File, Format Version 12.00
# Visual Studio Version 16
VisualStudioVersion = 16.0.30128.74
MinimumVisualStudioVersion = 10.0.40219.1
Project("{FAE04EC0-301F-11D3-BF4B-00C04F79EFBC}") = "SLS_WinForm", "SLS_WinForm.csproj", "{E6E43308-1A1E-4737-822B-A2F8DAA12BA8}"
EndProject
Project("{FAE04EC0-301F-11D3-BF4B-00C04F79EFBC}") = "DataLayer", "..\DataLayer\DataLayer.csproj", "{CF79BCB2-BC2B-4E5D-8B0A-F1DDC9EEB96A}"
EndProject
Project("{FAE04EC0-301F-11D3-BF4B-00C04F79EFBC}") = "BusinessLayer", "..\BusinessLayer\BusinessLayer.csproj", "{E1C742F6-9443-4A60-B053-98AAC1DDFED3}"
EndProject
Global
	GlobalSection(SolutionConfigurationPlatforms) = preSolution
		Debug|Any CPU = Debug|Any CPU
		Release|Any CPU = Release|Any CPU
	EndGlobalSection
	GlobalSection(ProjectConfigurationPlatforms) = postSolution
		{E6E43308-1A1E-4737-822B-A2F8DAA12BA8}.Debug|Any CPU.ActiveCfg = Debug|Any CPU
		{E6E43308-1A1E-4737-822B-A2F8DAA12BA8}.Debug|Any CPU.Build.0 = Debug|Any CPU
		{E6E43308-1A1E-4737-822B-A2F8DAA12BA8}.Release|Any CPU.ActiveCfg = Release|Any CPU
		{E6E43308-1A1E-4737-822B-A2F8DAA12BA8}.Release|Any CPU.Build.0 = Release|Any CPU
		{CF79BCB2-BC2B-4E5D-8B0A-F1DDC9EEB96A}.Debug|Any CPU.ActiveCfg = Debug|Any CPU
		{CF79BCB2-BC2B-4E5D-8B0A-F1DDC9EEB96A}.Debug|Any CPU.Build.0 = Debug|Any CPU
		{CF79BCB2-BC2B-4E5D-8B0A-F1DDC9EEB96A}.Release|Any CPU.ActiveCfg = Release|Any CPU
		{CF79BCB2-BC2B-4E5D-8B0A-F1DDC9EEB96A}.Release|Any CPU.Build.0 = Release|Any CPU
		{E1C742F6-9443-4A60-B053-98AAC1DDFED3}.Debug|Any CPU.ActiveCfg = Debug|Any CPU
		{E1C742F6-9443-4A60-B053-98AAC1DDFED3}.Debug|Any CPU.Build.0 = Debug|Any CPU
		{E1C742F6-9443-4A60-B053-98AAC1DDFED3}.Release|Any CPU.ActiveCfg = Release|Any CPU
		{E1C742F6-9443-4A60-B053-98AAC1DDFED3}.Release|Any CPU.Build.0 = Release|Any CPU
	EndGlobalSection
	GlobalSection(SolutionProperties) = preSolution
		HideSolutionNode = FALSE
	EndGlobalSection
	GlobalSection(ExtensibilityGlobals) = postSolution
		SolutionGuid = {6413406B-A1ED-4E4F-8DF1-5C7AB96BBF5C}
	EndGlobalSection
EndGlobal
