
Microsoft Visual Studio Solution File, Format Version 12.00
# Visual Studio Version 16
VisualStudioVersion = 16.0.30128.74
MinimumVisualStudioVersion = 10.0.40219.1
Project("{FAE04EC0-301F-11D3-BF4B-00C04F79EFBC}") = "LA_LabDateCalendar", "LA_LabDateCalendar.csproj", "{5D2E006D-8509-47D4-AB63-20BFAB9CE9A3}"
EndProject
Global
	GlobalSection(SolutionConfigurationPlatforms) = preSolution
		Debug|Any CPU = Debug|Any CPU
		Release|Any CPU = Release|Any CPU
	EndGlobalSection
	GlobalSection(ProjectConfigurationPlatforms) = postSolution
		{5D2E006D-8509-47D4-AB63-20BFAB9CE9A3}.Debug|Any CPU.ActiveCfg = Debug|Any CPU
		{5D2E006D-8509-47D4-AB63-20BFAB9CE9A3}.Debug|Any CPU.Build.0 = Debug|Any CPU
		{5D2E006D-8509-47D4-AB63-20BFAB9CE9A3}.Release|Any CPU.ActiveCfg = Release|Any CPU
		{5D2E006D-8509-47D4-AB63-20BFAB9CE9A3}.Release|Any CPU.Build.0 = Release|Any CPU
	EndGlobalSection
	GlobalSection(SolutionProperties) = preSolution
		HideSolutionNode = FALSE
	EndGlobalSection
	GlobalSection(ExtensibilityGlobals) = postSolution
		SolutionGuid = {C8C1141E-36BA-435A-B41E-B9F06710FB38}
	EndGlobalSection
EndGlobal
